<?xml version="1.0" encoding="utf-8"?>
<Project ToolsVersion="4.0" xmlns="http://schemas.microsoft.com/developer/msbuild/2003">
  <ItemGroup>
    <Filter Include="Source Files">
      <UniqueIdentifier>{4FC737F1-C7A5-4376-A066-2A32D752A2FF}</UniqueIdentifier>
      <Extensions>cpp;c;cc;cxx;def;odl;idl;hpj;bat;asm;asmx</Extensions>
    </Filter>
    <Filter Include="Header Files">
      <UniqueIdentifier>{93995380-89BD-4b04-88EB-625FBE52EBFB}</UniqueIdentifier>
      <Extensions>h;hh;hpp;hxx;hm;inl;inc;xsd</Extensions>
    </Filter>
    <Filter Include="Resource Files">
      <UniqueIdentifier>{67DA6AB6-F800-4c08-8B7A-83BB121AAD01}</UniqueIdentifier>
      <Extensions>rc;ico;cur;bmp;dlg;rc2;rct;bin;rgs;gif;jpg;jpeg;jpe;resx;tiff;tif;png;wav;mfcribbon-ms</Extensions>
    </Filter>
    <Filter Include="Source Files\config">
      <UniqueIdentifier>{f8a6e59b-2e5d-447b-9cda-2dde214dcd1a}</UniqueIdentifier>
    </Filter>
    <Filter Include="Resource Files\xbox360Pad">
      <UniqueIdentifier>{a1f52415-5be8-491c-abf8-2211937667ed}</UniqueIdentifier>
    </Filter>
    <Filter Include="Source Files\input">
      <UniqueIdentifier>{dfdcade5-2090-46bd-b334-9b286630bfe7}</UniqueIdentifier>
    </Filter>
    <Filter Include="Source Files\graphics">
      <UniqueIdentifier>{db877022-2585-42d4-9046-d4473aaa2058}</UniqueIdentifier>
    </Filter>
    <Filter Include="Source Files\core">
      <UniqueIdentifier>{fc5447a8-95e3-4927-8f40-1950876cfd02}</UniqueIdentifier>
    </Filter>
    <Filter Include="Resource Files\music">
      <UniqueIdentifier>{2a8ab675-1db5-4c40-9dc1-db8d2d93fd77}</UniqueIdentifier>
    </Filter>
    <Filter Include="Source Files\menu">
      <UniqueIdentifier>{134869dd-4dbf-4f9a-924d-7a9e66121a55}</UniqueIdentifier>
    </Filter>
    <Filter Include="Resource Files\fonts">
      <UniqueIdentifier>{815f3925-ca29-4081-af4a-729e6b74a638}</UniqueIdentifier>
    </Filter>
  </ItemGroup>
  <ItemGroup>
    <ClCompile Include="main.cpp">
      <Filter>Source Files</Filter>
    </ClCompile>
    <ClCompile Include="InputManager.cpp">
      <Filter>Source Files\input</Filter>
    </ClCompile>
    <ClCompile Include="InputKeyboardManager.cpp">
      <Filter>Source Files\input</Filter>
    </ClCompile>
    <ClCompile Include="InputGamepadManager.cpp">
      <Filter>Source Files\input</Filter>
    </ClCompile>
    <ClCompile Include="DrawPictureManager.cpp">
      <Filter>Source Files\graphics</Filter>
    </ClCompile>
    <ClCompile Include="Game.cpp">
      <Filter>Source Files\core</Filter>
    </ClCompile>
    <ClCompile Include="GamepadConfiguration.cpp">
      <Filter>Source Files\config</Filter>
    </ClCompile>
    <ClCompile Include="GameContextManager.cpp">
      <Filter>Source Files\core</Filter>
    </ClCompile>
    <ClCompile Include="GameMenu.cpp">
      <Filter>Source Files\menu</Filter>
    </ClCompile>
    <ClCompile Include="ImageLoader.cpp">
      <Filter>Source Files\graphics</Filter>
    </ClCompile>
    <ClCompile Include="SDLMainObjectsProvider.cpp">
      <Filter>Source Files\core</Filter>
    </ClCompile>
    <ClCompile Include="DrawTextService.cpp">
      <Filter>Source Files\graphics</Filter>
    </ClCompile>
    <ClCompile Include="DrawGameButtonLabelService.cpp">
      <Filter>Source Files\graphics</Filter>
    </ClCompile>
    <ClCompile Include="ErrorMessageManager.cpp">
      <Filter>Source Files\core</Filter>
    </ClCompile>
  </ItemGroup>
  <ItemGroup>
    <ClInclude Include="resource.h">
      <Filter>Header Files</Filter>
    </ClInclude>
    <ClInclude Include="window.h">
      <Filter>Source Files\config</Filter>
    </ClInclude>
    <ClInclude Include="InputManager.h">
      <Filter>Header Files</Filter>
    </ClInclude>
    <ClInclude Include="InputKeyboardManager.h">
      <Filter>Header Files</Filter>
    </ClInclude>
    <ClInclude Include="InputGamepadManager.h">
      <Filter>Header Files</Filter>
    </ClInclude>
    <ClInclude Include="DrawPictureManager.h">
      <Filter>Header Files</Filter>
    </ClInclude>
    <ClInclude Include="Game.h">
      <Filter>Header Files</Filter>
    </ClInclude>
    <ClInclude Include="GamepadConfiguration.h">
      <Filter>Header Files</Filter>
    </ClInclude>
    <ClInclude Include="GameContextManager.h">
      <Filter>Header Files</Filter>
    </ClInclude>
    <ClInclude Include="GameContext.h">
      <Filter>Source Files\config</Filter>
    </ClInclude>
    <ClInclude Include="GameMenu.h">
      <Filter>Header Files</Filter>
    </ClInclude>
    <ClInclude Include="GameMenuItem.h">
      <Filter>Source Files\menu</Filter>
    </ClInclude>
    <ClInclude Include="ImageLoader.h">
      <Filter>Header Files</Filter>
    </ClInclude>
    <ClInclude Include="GamepadButtonsFilePathConsts.h">
      <Filter>Header Files</Filter>
    </ClInclude>
    <ClInclude Include="SDLMainObjectsProvider.h">
      <Filter>Header Files</Filter>
    </ClInclude>
    <ClInclude Include="DrawTextService.h">
      <Filter>Header Files</Filter>
    </ClInclude>
    <ClInclude Include="DrawGameButtonLabelService.h">
      <Filter>Header Files</Filter>
    </ClInclude>
    <ClInclude Include="ErrorMessageManager.h">
      <Filter>Header Files</Filter>
    </ClInclude>
  </ItemGroup>
  <ItemGroup>
    <ResourceCompile Include="REK_Framework.rc">
      <Filter>Resource Files</Filter>
    </ResourceCompile>
  </ItemGroup>
  <ItemGroup>
    <Image Include="resources\xbox360pad\360_A.png">
      <Filter>Resource Files\xbox360Pad</Filter>
    </Image>
    <Image Include="resources\xbox360pad\360_B.png">
      <Filter>Resource Files\xbox360Pad</Filter>
    </Image>
    <Image Include="resources\xbox360pad\360_Back_Alt.png">
      <Filter>Resource Files\xbox360Pad</Filter>
    </Image>
    <Image Include="resources\xbox360pad\360_Dpad.png">
      <Filter>Resource Files\xbox360Pad</Filter>
    </Image>
    <Image Include="resources\xbox360pad\360_Dpad_Down.png">
      <Filter>Resource Files\xbox360Pad</Filter>
    </Image>
    <Image Include="resources\xbox360pad\360_Dpad_Left.png">
      <Filter>Resource Files\xbox360Pad</Filter>
    </Image>
    <Image Include="resources\xbox360pad\360_Dpad_Right.png">
      <Filter>Resource Files\xbox360Pad</Filter>
    </Image>
    <Image Include="resources\xbox360pad\360_Dpad_Up.png">
      <Filter>Resource Files\xbox360Pad</Filter>
    </Image>
    <Image Include="resources\xbox360pad\360_LB.png">
      <Filter>Resource Files\xbox360Pad</Filter>
    </Image>
    <Image Include="resources\xbox360pad\360_Left_Stick.png">
      <Filter>Resource Files\xbox360Pad</Filter>
    </Image>
    <Image Include="resources\xbox360pad\360_LT.png">
      <Filter>Resource Files\xbox360Pad</Filter>
    </Image>
    <Image Include="resources\xbox360pad\360_RB.png">
      <Filter>Resource Files\xbox360Pad</Filter>
    </Image>
    <Image Include="resources\xbox360pad\360_Right_Stick.png">
      <Filter>Resource Files\xbox360Pad</Filter>
    </Image>
    <Image Include="resources\xbox360pad\360_RT.png">
      <Filter>Resource Files\xbox360Pad</Filter>
    </Image>
    <Image Include="resources\xbox360pad\360_Start_Alt.png">
      <Filter>Resource Files\xbox360Pad</Filter>
    </Image>
    <Image Include="resources\xbox360pad\360_X.png">
      <Filter>Resource Files\xbox360Pad</Filter>
    </Image>
    <Image Include="resources\xbox360pad\360_Y.png">
      <Filter>Resource Files\xbox360Pad</Filter>
    </Image>
  </ItemGroup>
  <ItemGroup>
    <Media Include="resources\songs\theme_a_loop_01.mp3">
      <Filter>Resource Files\music</Filter>
    </Media>
    <Media Include="resources\songs\theme_a_loop_02.mp3">
      <Filter>Resource Files\music</Filter>
    </Media>
    <Media Include="resources\songs\theme_a_loop_03.mp3">
      <Filter>Resource Files\music</Filter>
    </Media>
    <Media Include="resources\songs\theme_a_loop_04.mp3">
      <Filter>Resource Files\music</Filter>
    </Media>
  </ItemGroup>
  <ItemGroup>
    <Font Include="resources\fonts\Minecraft.ttf">
      <Filter>Resource Files\fonts</Filter>
    </Font>
  </ItemGroup>
</Project>