<?xml version="1.0" encoding="utf-8"?>
<Project ToolsVersion="4.0" xmlns="http://schemas.microsoft.com/developer/msbuild/2003">
  <ItemGroup>
    <ClCompile Include="ErrorMessageManager.cpp">
      <Filter>sources\core</Filter>
    </ClCompile>
    <ClCompile Include="Game.cpp">
      <Filter>sources\core</Filter>
    </ClCompile>
    <ClCompile Include="GameContextManager.cpp">
      <Filter>sources\core</Filter>
    </ClCompile>
    <ClCompile Include="SDLMainObjectsProvider.cpp">
      <Filter>sources\core</Filter>
    </ClCompile>
    <ClCompile Include="DrawGameButtonLabelService.cpp">
      <Filter>sources\graphics</Filter>
    </ClCompile>
    <ClCompile Include="DrawPictureManager.cpp">
      <Filter>sources\graphics</Filter>
    </ClCompile>
    <ClCompile Include="DrawTextService.cpp">
      <Filter>sources\graphics</Filter>
    </ClCompile>
    <ClCompile Include="ImageLoader.cpp">
      <Filter>sources\graphics</Filter>
    </ClCompile>
    <ClCompile Include="InputGamepadManager.cpp">
      <Filter>sources\input</Filter>
    </ClCompile>
    <ClCompile Include="InputKeyboardManager.cpp">
      <Filter>sources\input</Filter>
    </ClCompile>
    <ClCompile Include="InputManager.cpp">
      <Filter>sources\input</Filter>
    </ClCompile>
    <ClCompile Include="GamepadConfiguration.cpp">
      <Filter>sources\input</Filter>
    </ClCompile>
    <ClCompile Include="GameMenu.cpp">
      <Filter>sources\menu</Filter>
    </ClCompile>
    <ClCompile Include="SoundManager.cpp">
      <Filter>sources\sounds</Filter>
    </ClCompile>
  </ItemGroup>
  <ItemGroup>
    <ClInclude Include="resource.h" />
    <ClInclude Include="ErrorMessageManager.h">
      <Filter>sources\core</Filter>
    </ClInclude>
    <ClInclude Include="Game.h">
      <Filter>sources\core</Filter>
    </ClInclude>
    <ClInclude Include="GameContext.h">
      <Filter>sources\core</Filter>
    </ClInclude>
    <ClInclude Include="GameContextManager.h">
      <Filter>sources\core</Filter>
    </ClInclude>
    <ClInclude Include="window.h">
      <Filter>sources\core</Filter>
    </ClInclude>
    <ClInclude Include="SDLMainObjectsProvider.h">
      <Filter>sources\core</Filter>
    </ClInclude>
    <ClInclude Include="DrawGameButtonLabelService.h">
      <Filter>sources\graphics</Filter>
    </ClInclude>
    <ClInclude Include="DrawPictureManager.h">
      <Filter>sources\graphics</Filter>
    </ClInclude>
    <ClInclude Include="DrawTextService.h">
      <Filter>sources\graphics</Filter>
    </ClInclude>
    <ClInclude Include="ImageLoader.h">
      <Filter>sources\graphics</Filter>
    </ClInclude>
    <ClInclude Include="InputGamepadManager.h">
      <Filter>sources\input</Filter>
    </ClInclude>
    <ClInclude Include="InputKeyboardManager.h">
      <Filter>sources\input</Filter>
    </ClInclude>
    <ClInclude Include="InputManager.h">
      <Filter>sources\input</Filter>
    </ClInclude>
    <ClInclude Include="GamepadButtonsFilePathConsts.h">
      <Filter>sources\graphics</Filter>
    </ClInclude>
    <ClInclude Include="GamepadConfiguration.h">
      <Filter>sources\input</Filter>
    </ClInclude>
    <ClInclude Include="GameMenu.h">
      <Filter>sources\menu</Filter>
    </ClInclude>
    <ClInclude Include="GameMenuItem.h">
      <Filter>sources\menu</Filter>
    </ClInclude>
    <ClInclude Include="SoundManager.h">
      <Filter>sources\sounds</Filter>
    </ClInclude>
  </ItemGroup>
  <ItemGroup>
    <ResourceCompile Include="REK_Framework.rc" />
  </ItemGroup>
  <ItemGroup>
    <Filter Include="sources">
      <UniqueIdentifier>{b98af5f4-5e2b-4e04-b0cf-11cf343d6f3e}</UniqueIdentifier>
    </Filter>
    <Filter Include="sources\core">
      <UniqueIdentifier>{d491e9b5-7733-4399-b837-75cb6f049b9d}</UniqueIdentifier>
    </Filter>
    <Filter Include="sources\graphics">
      <UniqueIdentifier>{ddc261b9-6f8c-446c-b206-4d31e292a290}</UniqueIdentifier>
    </Filter>
    <Filter Include="sources\input">
      <UniqueIdentifier>{e2fb87ac-6cf6-4261-a438-0d44ba985326}</UniqueIdentifier>
    </Filter>
    <Filter Include="sources\menu">
      <UniqueIdentifier>{ef73bab8-29d2-4033-9523-49c72562da73}</UniqueIdentifier>
    </Filter>
    <Filter Include="sources\sounds">
      <UniqueIdentifier>{af73e2b2-440a-4d55-bf06-6b596e82047c}</UniqueIdentifier>
    </Filter>
  </ItemGroup>
</Project>