<?xml version="1.0" encoding="utf-8"?>
<Project ToolsVersion="4.0" xmlns="http://schemas.microsoft.com/developer/msbuild/2003">
  <ItemGroup>
    <Filter Include="sources">
      <UniqueIdentifier>{4FC737F1-C7A5-4376-A066-2A32D752A2FF}</UniqueIdentifier>
      <Extensions>cpp;c;cc;cxx;def;odl;idl;hpj;bat;asm;asmx</Extensions>
    </Filter>
    <Filter Include="resources">
      <UniqueIdentifier>{67DA6AB6-F800-4c08-8B7A-83BB121AAD01}</UniqueIdentifier>
      <Extensions>rc;ico;cur;bmp;dlg;rc2;rct;bin;rgs;gif;jpg;jpeg;jpe;resx;tiff;tif;png;wav;mfcribbon-ms</Extensions>
    </Filter>
    <Filter Include="sources\core">
      <UniqueIdentifier>{db0c1884-2ca3-4316-9650-55a170a6c89b}</UniqueIdentifier>
    </Filter>
    <Filter Include="sources\entities">
      <UniqueIdentifier>{61186def-30c1-4aa3-81a9-ea3a68e14058}</UniqueIdentifier>
    </Filter>
    <Filter Include="sources\graphics">
      <UniqueIdentifier>{823f543a-321c-4bc5-abba-1fca29be1928}</UniqueIdentifier>
    </Filter>
    <Filter Include="sources\input">
      <UniqueIdentifier>{18c2f69d-58c2-43be-96d3-c624d8c03d68}</UniqueIdentifier>
    </Filter>
    <Filter Include="sources\menu">
      <UniqueIdentifier>{0158812e-d053-4adc-8a00-7bd865f23c6a}</UniqueIdentifier>
    </Filter>
    <Filter Include="sources\sounds">
      <UniqueIdentifier>{b6206ed8-f5b8-40a0-b206-4c0fb305ea1c}</UniqueIdentifier>
    </Filter>
    <Filter Include="sources\utils">
      <UniqueIdentifier>{c2fe286d-f262-42a1-8280-24a1aa01ee54}</UniqueIdentifier>
    </Filter>
  </ItemGroup>
  <ItemGroup>
    <ClCompile Include="main.cpp">
      <Filter>sources</Filter>
    </ClCompile>
    <ClCompile Include="core\ErrorMessageManager.cpp">
      <Filter>sources\core</Filter>
    </ClCompile>
    <ClCompile Include="core\Game.cpp">
      <Filter>sources\core</Filter>
    </ClCompile>
    <ClCompile Include="core\GameContextManager.cpp">
      <Filter>sources\core</Filter>
    </ClCompile>
    <ClCompile Include="core\InputTimer.cpp">
      <Filter>sources\core</Filter>
    </ClCompile>
    <ClCompile Include="core\SDLDeletersFunctor.cpp">
      <Filter>sources\core</Filter>
    </ClCompile>
    <ClCompile Include="core\SDLMainObjectsProvider.cpp">
      <Filter>sources\core</Filter>
    </ClCompile>
    <ClCompile Include="core\Timer.cpp">
      <Filter>sources\core</Filter>
    </ClCompile>
    <ClCompile Include="entities\Board.cpp">
      <Filter>sources\entities</Filter>
    </ClCompile>
    <ClCompile Include="entities\EntitiesConsts.cpp">
      <Filter>sources\entities</Filter>
    </ClCompile>
    <ClCompile Include="entities\GameOverScreen.cpp">
      <Filter>sources\entities</Filter>
    </ClCompile>
    <ClCompile Include="entities\LevelComponent.cpp">
      <Filter>sources\entities</Filter>
    </ClCompile>
    <ClCompile Include="entities\LinesRemovedCounterComponent.cpp">
      <Filter>sources\entities</Filter>
    </ClCompile>
    <ClCompile Include="entities\NextTetrominoComponent.cpp">
      <Filter>sources\entities</Filter>
    </ClCompile>
    <ClCompile Include="entities\ScoreComponent.cpp">
      <Filter>sources\entities</Filter>
    </ClCompile>
    <ClCompile Include="entities\Tetromino.cpp">
      <Filter>sources\entities</Filter>
    </ClCompile>
    <ClCompile Include="graphics\DrawGameButtonLabelService.cpp">
      <Filter>sources\graphics</Filter>
    </ClCompile>
    <ClCompile Include="graphics\DrawTextService.cpp">
      <Filter>sources\graphics</Filter>
    </ClCompile>
    <ClCompile Include="graphics\ImageLoader.cpp">
      <Filter>sources\graphics</Filter>
    </ClCompile>
    <ClCompile Include="input\GamepadButtonsFilePathConsts.cpp">
      <Filter>sources\input</Filter>
    </ClCompile>
    <ClCompile Include="input\GamepadConfiguration.cpp">
      <Filter>sources\input</Filter>
    </ClCompile>
    <ClCompile Include="input\InputGamepadManager.cpp">
      <Filter>sources\input</Filter>
    </ClCompile>
    <ClCompile Include="input\InputKeyboardManager.cpp">
      <Filter>sources\input</Filter>
    </ClCompile>
    <ClCompile Include="input\InputManager.cpp">
      <Filter>sources\input</Filter>
    </ClCompile>
    <ClCompile Include="sounds\SoundManager.cpp">
      <Filter>sources\sounds</Filter>
    </ClCompile>
    <ClCompile Include="menu\GameMenu.cpp">
      <Filter>sources\menu</Filter>
    </ClCompile>
    <ClCompile Include="core\BaseTimer.cpp">
      <Filter>sources\core</Filter>
    </ClCompile>
    <ClCompile Include="entities\Component.cpp">
      <Filter>sources\entities</Filter>
    </ClCompile>
    <ClCompile Include="graphics\WindowConfiguration.cpp">
      <Filter>sources\graphics</Filter>
    </ClCompile>
    <ClCompile Include="core\GameConfiguration.cpp">
      <Filter>sources\core</Filter>
    </ClCompile>
    <ClCompile Include="input\KeyboardKeysFilePathConsts.cpp">
      <Filter>sources\input</Filter>
    </ClCompile>
    <ClCompile Include="utils\EncryptDecryptManager.cpp">
      <Filter>sources\utils</Filter>
    </ClCompile>
  </ItemGroup>
  <ItemGroup>
    <ClInclude Include="core\ErrorMessageManager.h">
      <Filter>sources\core</Filter>
    </ClInclude>
    <ClInclude Include="core\Game.h">
      <Filter>sources\core</Filter>
    </ClInclude>
    <ClInclude Include="core\GameContextEnum.h">
      <Filter>sources\core</Filter>
    </ClInclude>
    <ClInclude Include="core\GameContextManager.h">
      <Filter>sources\core</Filter>
    </ClInclude>
    <ClInclude Include="core\InputTimer.h">
      <Filter>sources\core</Filter>
    </ClInclude>
    <ClInclude Include="core\SDLDeletersFunctor.h">
      <Filter>sources\core</Filter>
    </ClInclude>
    <ClInclude Include="core\SDLMainObjectsProvider.h">
      <Filter>sources\core</Filter>
    </ClInclude>
    <ClInclude Include="core\Timer.h">
      <Filter>sources\core</Filter>
    </ClInclude>
    <ClInclude Include="core\window.h">
      <Filter>sources\core</Filter>
    </ClInclude>
    <ClInclude Include="entities\EntitiesConsts.h">
      <Filter>sources\entities</Filter>
    </ClInclude>
    <ClInclude Include="entities\GameOverScreen.h">
      <Filter>sources\entities</Filter>
    </ClInclude>
    <ClInclude Include="entities\LevelComponent.h">
      <Filter>sources\entities</Filter>
    </ClInclude>
    <ClInclude Include="entities\LinesRemovedCounterComponent.h">
      <Filter>sources\entities</Filter>
    </ClInclude>
    <ClInclude Include="entities\NextTetrominoComponent.h">
      <Filter>sources\entities</Filter>
    </ClInclude>
    <ClInclude Include="entities\ScoreComponent.h">
      <Filter>sources\entities</Filter>
    </ClInclude>
    <ClInclude Include="entities\Tetromino.h">
      <Filter>sources\entities</Filter>
    </ClInclude>
    <ClInclude Include="entities\TetrominoColorEnum.h">
      <Filter>sources\entities</Filter>
    </ClInclude>
    <ClInclude Include="entities\TetrominoShapeEnum.h">
      <Filter>sources\entities</Filter>
    </ClInclude>
    <ClInclude Include="graphics\DrawGameButtonLabelService.h">
      <Filter>sources\graphics</Filter>
    </ClInclude>
    <ClInclude Include="graphics\DrawTextService.h">
      <Filter>sources\graphics</Filter>
    </ClInclude>
    <ClInclude Include="graphics\ImageLoader.h">
      <Filter>sources\graphics</Filter>
    </ClInclude>
    <ClInclude Include="input\GamepadButtonsFilePathConsts.h">
      <Filter>sources\input</Filter>
    </ClInclude>
    <ClInclude Include="input\GamepadConfiguration.h">
      <Filter>sources\input</Filter>
    </ClInclude>
    <ClInclude Include="input\InputGamepadManager.h">
      <Filter>sources\input</Filter>
    </ClInclude>
    <ClInclude Include="input\InputKeyboardManager.h">
      <Filter>sources\input</Filter>
    </ClInclude>
    <ClInclude Include="input\InputManager.h">
      <Filter>sources\input</Filter>
    </ClInclude>
    <ClInclude Include="sounds\SoundManager.h">
      <Filter>sources\sounds</Filter>
    </ClInclude>
    <ClInclude Include="menu\GameMenu.h">
      <Filter>sources\menu</Filter>
    </ClInclude>
    <ClInclude Include="menu\GameMenuItemEnum.h">
      <Filter>sources\menu</Filter>
    </ClInclude>
    <ClInclude Include="entities\Board.h">
      <Filter>sources\entities</Filter>
    </ClInclude>
    <ClInclude Include="core\BaseTimer.h">
      <Filter>sources\core</Filter>
    </ClInclude>
    <ClInclude Include="entities\Component.h">
      <Filter>sources\entities</Filter>
    </ClInclude>
    <ClInclude Include="graphics\WindowConfiguration.h">
      <Filter>sources\graphics</Filter>
    </ClInclude>
    <ClInclude Include="core\GameConfiguration.h">
      <Filter>sources\core</Filter>
    </ClInclude>
    <ClInclude Include="input\KeyboardKeysFilePathConsts.h">
      <Filter>sources\input</Filter>
    </ClInclude>
    <ClInclude Include="utils\EncryptDecryptManager.h">
      <Filter>sources\utils</Filter>
    </ClInclude>
  </ItemGroup>
</Project>